
Microsoft Visual Studio Solution File, Format Version 12.00
# Visual Studio Version 17
VisualStudioVersion = 17.11.35222.181
MinimumVisualStudioVersion = 10.0.40219.1
Project("{9A19103F-16F7-4668-BE54-9A1E7A4F7556}") = "RaterApis", "RaterApis.csproj", "{1FA1D812-CBE3-4A25-AEFD-21B2B9E37D85}"
EndProject
Project("{2150E333-8FDC-42A3-9474-1A3956D46DE8}") = "ApiGateway", "ApiGateway", "{C7196B7E-DF83-4826-9F1C-1D72260D6BFA}"
EndProject
Project("{9A19103F-16F7-4668-BE54-9A1E7A4F7556}") = "Gateway", "..\Gateway\Gateway.csproj", "{02657A25-9964-46A8-B2E2-6091F5FBC3B6}"
EndProject
Project("{2150E333-8FDC-42A3-9474-1A3956D46DE8}") = "Microservices", "Microservices", "{A6A136EC-CF55-4B29-8147-FFC61660662D}"
EndProject
Project("{2150E333-8FDC-42A3-9474-1A3956D46DE8}") = "Quotes", "Quotes", "{A0177DE8-6B07-4726-BE81-11FFA5FCB86B}"
EndProject
Project("{2150E333-8FDC-42A3-9474-1A3956D46DE8}") = "src", "src", "{02A7D9F7-302A-4765-82C8-16E167E15063}"
EndProject
Project("{9A19103F-16F7-4668-BE54-9A1E7A4F7556}") = "API", "..\Microservices\Quote\src\API\API.csproj", "{00DCA6FE-B97D-497C-B33A-805E05572EC8}"
EndProject
Project("{2150E333-8FDC-42A3-9474-1A3956D46DE8}") = "Insured", "Insured", "{64F0BBE8-A914-43A5-A137-08205A90DE11}"
EndProject
Project("{2150E333-8FDC-42A3-9474-1A3956D46DE8}") = "src", "src", "{C619CB40-6952-4641-8B21-BB89B952A3CC}"
EndProject
Project("{2150E333-8FDC-42A3-9474-1A3956D46DE8}") = "test", "test", "{23AB78AF-0EF9-4B3C-B740-7EA8BC063F10}"
EndProject
Project("{9A19103F-16F7-4668-BE54-9A1E7A4F7556}") = "API", "..\Microservices\Insured\src\API\API.csproj", "{2D8086B0-54DF-485F-9FC4-386CC93F9104}"
EndProject
Project("{2150E333-8FDC-42A3-9474-1A3956D46DE8}") = "Orchestrator", "Orchestrator", "{65DF77FD-A858-4C66-9CD2-5F15518EB3C5}"
EndProject
Project("{2150E333-8FDC-42A3-9474-1A3956D46DE8}") = "Producer", "Producer", "{545A7C28-D1AF-43E2-9B66-D7E01467DB11}"
EndProject
Project("{2150E333-8FDC-42A3-9474-1A3956D46DE8}") = "src", "src", "{7D0D0677-87D0-4EC9-AF44-2F8C2201F806}"
EndProject
Project("{2150E333-8FDC-42A3-9474-1A3956D46DE8}") = "test", "test", "{6868DDFD-4CB6-454F-BD43-E8B8359F0EB5}"
EndProject
Project("{9A19103F-16F7-4668-BE54-9A1E7A4F7556}") = "API", "..\Microservices\Producer\src\API\API.csproj", "{D2CCA5DC-FC7E-48AA-AF0A-6D63A02B4653}"
EndProject
Project("{2150E333-8FDC-42A3-9474-1A3956D46DE8}") = "Document", "Document", "{37AC63E2-450F-4FE9-A0BF-A6708CBB7851}"
EndProject
Project("{2150E333-8FDC-42A3-9474-1A3956D46DE8}") = "src", "src", "{A1878217-406A-45B8-9748-35A55CF60F65}"
EndProject
Project("{2150E333-8FDC-42A3-9474-1A3956D46DE8}") = "test", "test", "{FB716B71-AFC3-42AA-AEEA-EF066AE3B2B2}"
EndProject
Project("{9A19103F-16F7-4668-BE54-9A1E7A4F7556}") = "API", "..\Microservices\Document\src\API\API.csproj", "{5587D179-58DD-420C-8AAD-B24E36926B84}"
EndProject
Project("{9A19103F-16F7-4668-BE54-9A1E7A4F7556}") = "DataAccessLayer", "..\Microservices\Document\src\DataAccessLayer\DataAccessLayer.csproj", "{96E7514A-DAE1-408A-9DBF-7449D548F89B}"
EndProject
Project("{9A19103F-16F7-4668-BE54-9A1E7A4F7556}") = "BussinessLayer", "..\Microservices\Document\src\BussinessLayer\BussinessLayer.csproj", "{CC83E275-C354-4B4B-8A72-673E256C6AEC}"
EndProject
Project("{9A19103F-16F7-4668-BE54-9A1E7A4F7556}") = "BussinessLayer", "..\Microservices\Insured\src\BussinessLayer\BussinessLayer.csproj", "{8560E8DC-39F7-42F2-962C-2D895AF1BD2B}"
EndProject
Project("{9A19103F-16F7-4668-BE54-9A1E7A4F7556}") = "DataAccessLayer", "..\Microservices\Insured\src\DataAccessLayer\DataAccessLayer.csproj", "{E8B231A0-68B1-4BA4-9A08-738E0CCEABBE}"
EndProject
Project("{9A19103F-16F7-4668-BE54-9A1E7A4F7556}") = "BussinessLayer", "..\Microservices\Producer\src\BussinessLayer\BussinessLayer.csproj", "{CAEDFDBF-64A8-4429-B4B3-8B9C82911725}"
EndProject
Project("{9A19103F-16F7-4668-BE54-9A1E7A4F7556}") = "DataAccessLayer", "..\Microservices\Producer\src\DataAccessLayer\DataAccessLayer.csproj", "{6E03C263-240C-4F78-8DAB-AF822E687593}"
EndProject
Project("{9A19103F-16F7-4668-BE54-9A1E7A4F7556}") = "BusinessLayer", "..\Microservices\Quote\src\BussinessLayer\BusinessLayer.csproj", "{9F46B50B-6F16-44ED-B404-1EC1580FD6B8}"
EndProject
Project("{9A19103F-16F7-4668-BE54-9A1E7A4F7556}") = "DataAccessLayer", "..\Microservices\Quote\src\DataAccessLayer\DataAccessLayer.csproj", "{0F9E21BA-E84F-4CAE-A874-614C59F350A0}"
EndProject
Global
	GlobalSection(SolutionConfigurationPlatforms) = preSolution
		Debug|Any CPU = Debug|Any CPU
		Release|Any CPU = Release|Any CPU
	EndGlobalSection
	GlobalSection(ProjectConfigurationPlatforms) = postSolution
		{1FA1D812-CBE3-4A25-AEFD-21B2B9E37D85}.Debug|Any CPU.ActiveCfg = Debug|Any CPU
		{1FA1D812-CBE3-4A25-AEFD-21B2B9E37D85}.Debug|Any CPU.Build.0 = Debug|Any CPU
		{1FA1D812-CBE3-4A25-AEFD-21B2B9E37D85}.Release|Any CPU.ActiveCfg = Release|Any CPU
		{1FA1D812-CBE3-4A25-AEFD-21B2B9E37D85}.Release|Any CPU.Build.0 = Release|Any CPU
		{02657A25-9964-46A8-B2E2-6091F5FBC3B6}.Debug|Any CPU.ActiveCfg = Debug|Any CPU
		{02657A25-9964-46A8-B2E2-6091F5FBC3B6}.Debug|Any CPU.Build.0 = Debug|Any CPU
		{02657A25-9964-46A8-B2E2-6091F5FBC3B6}.Release|Any CPU.ActiveCfg = Release|Any CPU
		{02657A25-9964-46A8-B2E2-6091F5FBC3B6}.Release|Any CPU.Build.0 = Release|Any CPU
		{00DCA6FE-B97D-497C-B33A-805E05572EC8}.Debug|Any CPU.ActiveCfg = Debug|Any CPU
		{00DCA6FE-B97D-497C-B33A-805E05572EC8}.Debug|Any CPU.Build.0 = Debug|Any CPU
		{00DCA6FE-B97D-497C-B33A-805E05572EC8}.Release|Any CPU.ActiveCfg = Release|Any CPU
		{00DCA6FE-B97D-497C-B33A-805E05572EC8}.Release|Any CPU.Build.0 = Release|Any CPU
		{2D8086B0-54DF-485F-9FC4-386CC93F9104}.Debug|Any CPU.ActiveCfg = Debug|Any CPU
		{2D8086B0-54DF-485F-9FC4-386CC93F9104}.Debug|Any CPU.Build.0 = Debug|Any CPU
		{2D8086B0-54DF-485F-9FC4-386CC93F9104}.Release|Any CPU.ActiveCfg = Release|Any CPU
		{2D8086B0-54DF-485F-9FC4-386CC93F9104}.Release|Any CPU.Build.0 = Release|Any CPU
		{D2CCA5DC-FC7E-48AA-AF0A-6D63A02B4653}.Debug|Any CPU.ActiveCfg = Debug|Any CPU
		{D2CCA5DC-FC7E-48AA-AF0A-6D63A02B4653}.Debug|Any CPU.Build.0 = Debug|Any CPU
		{D2CCA5DC-FC7E-48AA-AF0A-6D63A02B4653}.Release|Any CPU.ActiveCfg = Release|Any CPU
		{D2CCA5DC-FC7E-48AA-AF0A-6D63A02B4653}.Release|Any CPU.Build.0 = Release|Any CPU
		{5587D179-58DD-420C-8AAD-B24E36926B84}.Debug|Any CPU.ActiveCfg = Debug|Any CPU
		{5587D179-58DD-420C-8AAD-B24E36926B84}.Debug|Any CPU.Build.0 = Debug|Any CPU
		{5587D179-58DD-420C-8AAD-B24E36926B84}.Release|Any CPU.ActiveCfg = Release|Any CPU
		{5587D179-58DD-420C-8AAD-B24E36926B84}.Release|Any CPU.Build.0 = Release|Any CPU
		{96E7514A-DAE1-408A-9DBF-7449D548F89B}.Debug|Any CPU.ActiveCfg = Debug|Any CPU
		{96E7514A-DAE1-408A-9DBF-7449D548F89B}.Debug|Any CPU.Build.0 = Debug|Any CPU
		{96E7514A-DAE1-408A-9DBF-7449D548F89B}.Release|Any CPU.ActiveCfg = Release|Any CPU
		{96E7514A-DAE1-408A-9DBF-7449D548F89B}.Release|Any CPU.Build.0 = Release|Any CPU
		{CC83E275-C354-4B4B-8A72-673E256C6AEC}.Debug|Any CPU.ActiveCfg = Debug|Any CPU
		{CC83E275-C354-4B4B-8A72-673E256C6AEC}.Debug|Any CPU.Build.0 = Debug|Any CPU
		{CC83E275-C354-4B4B-8A72-673E256C6AEC}.Release|Any CPU.ActiveCfg = Release|Any CPU
		{CC83E275-C354-4B4B-8A72-673E256C6AEC}.Release|Any CPU.Build.0 = Release|Any CPU
		{8560E8DC-39F7-42F2-962C-2D895AF1BD2B}.Debug|Any CPU.ActiveCfg = Debug|Any CPU
		{8560E8DC-39F7-42F2-962C-2D895AF1BD2B}.Debug|Any CPU.Build.0 = Debug|Any CPU
		{8560E8DC-39F7-42F2-962C-2D895AF1BD2B}.Release|Any CPU.ActiveCfg = Release|Any CPU
		{8560E8DC-39F7-42F2-962C-2D895AF1BD2B}.Release|Any CPU.Build.0 = Release|Any CPU
		{E8B231A0-68B1-4BA4-9A08-738E0CCEABBE}.Debug|Any CPU.ActiveCfg = Debug|Any CPU
		{E8B231A0-68B1-4BA4-9A08-738E0CCEABBE}.Debug|Any CPU.Build.0 = Debug|Any CPU
		{E8B231A0-68B1-4BA4-9A08-738E0CCEABBE}.Release|Any CPU.ActiveCfg = Release|Any CPU
		{E8B231A0-68B1-4BA4-9A08-738E0CCEABBE}.Release|Any CPU.Build.0 = Release|Any CPU
		{CAEDFDBF-64A8-4429-B4B3-8B9C82911725}.Debug|Any CPU.ActiveCfg = Debug|Any CPU
		{CAEDFDBF-64A8-4429-B4B3-8B9C82911725}.Debug|Any CPU.Build.0 = Debug|Any CPU
		{CAEDFDBF-64A8-4429-B4B3-8B9C82911725}.Release|Any CPU.ActiveCfg = Release|Any CPU
		{CAEDFDBF-64A8-4429-B4B3-8B9C82911725}.Release|Any CPU.Build.0 = Release|Any CPU
		{6E03C263-240C-4F78-8DAB-AF822E687593}.Debug|Any CPU.ActiveCfg = Debug|Any CPU
		{6E03C263-240C-4F78-8DAB-AF822E687593}.Debug|Any CPU.Build.0 = Debug|Any CPU
		{6E03C263-240C-4F78-8DAB-AF822E687593}.Release|Any CPU.ActiveCfg = Release|Any CPU
		{6E03C263-240C-4F78-8DAB-AF822E687593}.Release|Any CPU.Build.0 = Release|Any CPU
		{9F46B50B-6F16-44ED-B404-1EC1580FD6B8}.Debug|Any CPU.ActiveCfg = Debug|Any CPU
		{9F46B50B-6F16-44ED-B404-1EC1580FD6B8}.Debug|Any CPU.Build.0 = Debug|Any CPU
		{9F46B50B-6F16-44ED-B404-1EC1580FD6B8}.Release|Any CPU.ActiveCfg = Release|Any CPU
		{9F46B50B-6F16-44ED-B404-1EC1580FD6B8}.Release|Any CPU.Build.0 = Release|Any CPU
		{0F9E21BA-E84F-4CAE-A874-614C59F350A0}.Debug|Any CPU.ActiveCfg = Debug|Any CPU
		{0F9E21BA-E84F-4CAE-A874-614C59F350A0}.Debug|Any CPU.Build.0 = Debug|Any CPU
		{0F9E21BA-E84F-4CAE-A874-614C59F350A0}.Release|Any CPU.ActiveCfg = Release|Any CPU
		{0F9E21BA-E84F-4CAE-A874-614C59F350A0}.Release|Any CPU.Build.0 = Release|Any CPU
	EndGlobalSection
	GlobalSection(SolutionProperties) = preSolution
		HideSolutionNode = FALSE
	EndGlobalSection
	GlobalSection(NestedProjects) = preSolution
		{02657A25-9964-46A8-B2E2-6091F5FBC3B6} = {C7196B7E-DF83-4826-9F1C-1D72260D6BFA}
		{A0177DE8-6B07-4726-BE81-11FFA5FCB86B} = {A6A136EC-CF55-4B29-8147-FFC61660662D}
		{02A7D9F7-302A-4765-82C8-16E167E15063} = {A0177DE8-6B07-4726-BE81-11FFA5FCB86B}
		{00DCA6FE-B97D-497C-B33A-805E05572EC8} = {02A7D9F7-302A-4765-82C8-16E167E15063}
		{64F0BBE8-A914-43A5-A137-08205A90DE11} = {A6A136EC-CF55-4B29-8147-FFC61660662D}
		{C619CB40-6952-4641-8B21-BB89B952A3CC} = {64F0BBE8-A914-43A5-A137-08205A90DE11}
		{23AB78AF-0EF9-4B3C-B740-7EA8BC063F10} = {64F0BBE8-A914-43A5-A137-08205A90DE11}
		{2D8086B0-54DF-485F-9FC4-386CC93F9104} = {C619CB40-6952-4641-8B21-BB89B952A3CC}
		{545A7C28-D1AF-43E2-9B66-D7E01467DB11} = {A6A136EC-CF55-4B29-8147-FFC61660662D}
		{7D0D0677-87D0-4EC9-AF44-2F8C2201F806} = {545A7C28-D1AF-43E2-9B66-D7E01467DB11}
		{6868DDFD-4CB6-454F-BD43-E8B8359F0EB5} = {545A7C28-D1AF-43E2-9B66-D7E01467DB11}
		{D2CCA5DC-FC7E-48AA-AF0A-6D63A02B4653} = {7D0D0677-87D0-4EC9-AF44-2F8C2201F806}
		{37AC63E2-450F-4FE9-A0BF-A6708CBB7851} = {A6A136EC-CF55-4B29-8147-FFC61660662D}
		{A1878217-406A-45B8-9748-35A55CF60F65} = {37AC63E2-450F-4FE9-A0BF-A6708CBB7851}
		{FB716B71-AFC3-42AA-AEEA-EF066AE3B2B2} = {37AC63E2-450F-4FE9-A0BF-A6708CBB7851}
		{5587D179-58DD-420C-8AAD-B24E36926B84} = {A1878217-406A-45B8-9748-35A55CF60F65}
		{96E7514A-DAE1-408A-9DBF-7449D548F89B} = {A1878217-406A-45B8-9748-35A55CF60F65}
		{CC83E275-C354-4B4B-8A72-673E256C6AEC} = {A1878217-406A-45B8-9748-35A55CF60F65}
		{8560E8DC-39F7-42F2-962C-2D895AF1BD2B} = {C619CB40-6952-4641-8B21-BB89B952A3CC}
		{E8B231A0-68B1-4BA4-9A08-738E0CCEABBE} = {C619CB40-6952-4641-8B21-BB89B952A3CC}
		{CAEDFDBF-64A8-4429-B4B3-8B9C82911725} = {7D0D0677-87D0-4EC9-AF44-2F8C2201F806}
		{6E03C263-240C-4F78-8DAB-AF822E687593} = {7D0D0677-87D0-4EC9-AF44-2F8C2201F806}
		{9F46B50B-6F16-44ED-B404-1EC1580FD6B8} = {02A7D9F7-302A-4765-82C8-16E167E15063}
		{0F9E21BA-E84F-4CAE-A874-614C59F350A0} = {02A7D9F7-302A-4765-82C8-16E167E15063}
	EndGlobalSection
	GlobalSection(ExtensibilityGlobals) = postSolution
		SolutionGuid = {EC7D6CA4-51D3-4D0C-8A6B-D783AD397D07}
	EndGlobalSection
EndGlobal
